PODS:
  - Alamofire (5.4.3)
  - FileWatcher (0.2.1)
  - SwiftLint (0.43.1)

DEPENDENCIES:
  - Alamofire (~> 5.4.3)
  - FileWatcher
  - SwiftLint

SPEC REPOS:
  trunk:
    - Alamofire
    - FileWatcher
    - SwiftLint

SPEC CHECKSUMS:
  Alamofire: e447a2774a40c996748296fa2c55112fdbbc42f9
  FileWatcher: c7d30f1dc6e3c12025d940d90804ecc997960f81
  SwiftLint: 99f82d07b837b942dd563c668de129a03fc3fb52

PODFILE CHECKSUM: 08819310760f28ea12fe977a3acc84959da03e02

COCOAPODS: 1.10.2
